
Microsoft Visual Studio Solution File, Format Version 12.00
# Visual Studio Version 17
VisualStudioVersion = 17.7.34024.191
MinimumVisualStudioVersion = 10.0.40219.1
Project("{FAE04EC0-301F-11D3-BF4B-00C04F79EFBC}") = "HomeworkMar11.Web", "HomeworkMar11.Web\HomeworkMar11.Web.csproj", "{598A0E2D-D037-4E9A-A4F9-45D76EEA53A3}"
EndProject
Project("{FAE04EC0-301F-11D3-BF4B-00C04F79EFBC}") = "HomeworkMar11.Data", "HomeworkMar11.Data\HomeworkMar11.Data.csproj", "{595E704F-1241-461D-A413-03C01B406C95}"
EndProject
Global
	GlobalSection(SolutionConfigurationPlatforms) = preSolution
		Debug|Any CPU = Debug|Any CPU
		Release|Any CPU = Release|Any CPU
	EndGlobalSection
	GlobalSection(ProjectConfigurationPlatforms) = postSolution
		{598A0E2D-D037-4E9A-A4F9-45D76EEA53A3}.Debug|Any CPU.ActiveCfg = Debug|Any CPU
		{598A0E2D-D037-4E9A-A4F9-45D76EEA53A3}.Debug|Any CPU.Build.0 = Debug|Any CPU
		{598A0E2D-D037-4E9A-A4F9-45D76EEA53A3}.Release|Any CPU.ActiveCfg = Release|Any CPU
		{598A0E2D-D037-4E9A-A4F9-45D76EEA53A3}.Release|Any CPU.Build.0 = Release|Any CPU
		{595E704F-1241-461D-A413-03C01B406C95}.Debug|Any CPU.ActiveCfg = Debug|Any CPU
		{595E704F-1241-461D-A413-03C01B406C95}.Debug|Any CPU.Build.0 = Debug|Any CPU
		{595E704F-1241-461D-A413-03C01B406C95}.Release|Any CPU.ActiveCfg = Release|Any CPU
		{595E704F-1241-461D-A413-03C01B406C95}.Release|Any CPU.Build.0 = Release|Any CPU
	EndGlobalSection
	GlobalSection(SolutionProperties) = preSolution
		HideSolutionNode = FALSE
	EndGlobalSection
	GlobalSection(ExtensibilityGlobals) = postSolution
		SolutionGuid = {FDB83B04-81DE-4125-9947-55144F6BCE69}
	EndGlobalSection
EndGlobal
